
Microsoft Visual Studio Solution File, Format Version 12.00
# Visual Studio 15
Project("{FAE04EC0-301F-11D3-BF4B-00C04F79EFBC}") = "ServiceHub", "ServiceHub\ServiceHub.csproj", "{FDE38DE5-9FB7-47B0-8A52-02E942597C54}"
EndProject
Global
	GlobalSection(SolutionConfigurationPlatforms) = preSolution
		Debug|Any CPU = Debug|Any CPU
		Release|Any CPU = Release|Any CPU
	EndGlobalSection
	GlobalSection(ProjectConfigurationPlatforms) = postSolution
		{FDE38DE5-9FB7-47B0-8A52-02E942597C54}.Debug|Any CPU.ActiveCfg = Debug|Any CPU
		{FDE38DE5-9FB7-47B0-8A52-02E942597C54}.Debug|Any CPU.Build.0 = Debug|Any CPU
		{FDE38DE5-9FB7-47B0-8A52-02E942597C54}.Release|Any CPU.ActiveCfg = Release|Any CPU
		{FDE38DE5-9FB7-47B0-8A52-02E942597C54}.Release|Any CPU.Build.0 = Release|Any CPU
	EndGlobalSection
EndGlobal
